slug: unlock
title: Unlock! – Preisradar & Angebote
description: 'Unlock! kombiniert zugängliche Regeln mit genug strategischer Tiefe,
  um sowohl

  Gelegenheitsspieler als auch Vielspieler abzuholen. Auf dieser Preisradar-Seite
  findest du

  eine spielnahe Beschreibung, Hinweise zu Komponenten und Editionen sowie konkrete
  Tipps für den

  Kauf im Neu- und Gebrauchtmarkt. Wir erklären, worauf du bei **Sprache (deutsch)**,
  **Vollständigkeit**

  und **Zustand** achten solltest und wie du typische Stolperfallen (fehlende Marker,
  falsche Edition,

  Zubehör statt Grundspiel) vermeidest. Zusätzlich zeigen wir dir, wie sich das Spiel
  anfühlt:

  Interaktion, Glücksanteil, Lernkurve und Partielänge. Unsere Texte sind auf **deutsche
  Suchbegriffe**

  wie „Brettspiel kaufen“, „Preisvergleich“, „Angebote“ und „gebraucht“ optimiert,
  bleiben aber

  natürlich lesbar und praxisnah. So bekommst du schnell ein Gefühl, ob das Spiel
  in deine Runde passt –

  und zu welchem Preis sich ein Kauf wirklich lohnt. Für Vielspieler nennen wir sinnvolle
  Erweiterungen,

  für Familien verraten wir, ob und wie das Spiel zu zweit/zu viert funktioniert.

  '
alternatives:
- title: null
  slug: null
  why: Ähnliches Spielgefühl/Komplexität – Platzhalter.
faqs:
- q: Für wen eignet sich das Spiel?
  a: Für Familien und Gelegenheitsspieler mit Lust auf einfache Regeln – zugleich
    genug Tiefe für Vielspieler.
- q: Wie lange dauert eine Partie wirklich?
  a: Realistisch 30–90 Minuten je nach Titel und Spieleranzahl; die angegebene Spieldauer
    ist ein Richtwert.
- q: Wie hoch ist der Glücksanteil?
  a: Moderater Zufall durch Kartenziehen/Würfel ist üblich, wird aber durch Planung
    und Erfahrung relativiert.
- q: Braucht man Erweiterungen sofort?
  a: Nein. Erst das Grundspiel beherrschen, danach gezielt eine gut bewertete Erweiterung
    ergänzen.
- q: Worauf beim Gebrauchtkauf achten?
  a: Vollständigkeit, deutsche Sprache, Zustand der Karten/Marker, keine fehlenden
    Promo-/Kernteile.
- q: Ab welchem Preis lohnt sich der Kauf?
  a: Unterhalb der guten Schwelle gilt als starker Deal; gebraucht ca. 20–30% darunter
    – abhängig vom Zustand.
- q: Ist die deutsche Ausgabe wichtig?
  a: Für flüssiges Spielen ja. Bei sprachneutralen Komponenten sind deutsche Regeln
    ausreichend.
- q: Wie pflege ich das Material?
  a: Karten ggf. sleeven, Box trocken lagern, Pappteile nicht quetschen; Inserts sind
    nice-to-have, nicht nötig.
search_terms:
- Unlock!
exclude_keywords:
- englisch
- english
- spanisch
- spanish
- italienisch
- französisch
- Insert
- Inlay
- Sleeves
- Kartenhüllen
- Organizer
- Ersatzteile
- Promo
- Erweiterung
- Exp.
- Holzbox
- Konvolut
price_filter:
  min: 5
  max: 200
disclosure: 'Hinweis: Auf dieser Seite verwenden wir Affiliate-Links.'
